
Microsoft Visual Studio Solution File, Format Version 12.00
# Visual Studio 2013
VisualStudioVersion = 12.0.30501.0
MinimumVisualStudioVersion = 10.0.40219.1
Project("{FAE04EC0-301F-11D3-BF4B-00C04F79EFBC}") = "BulletinBoard", "BulletinBoard\BulletinBoard.csproj", "{C1EA0214-4A72-4845-9A06-E376989775CF}"
EndProject
Project("{FAE04EC0-301F-11D3-BF4B-00C04F79EFBC}") = "BulletinBoard.UnitTests", "BulletinBoard.UnitTests\BulletinBoard.UnitTests.csproj", "{5204BD13-53FD-471F-90B3-2A77611F5EC3}"
EndProject
Global
	GlobalSection(SolutionConfigurationPlatforms) = preSolution
		Debug|Any CPU = Debug|Any CPU
		Release|Any CPU = Release|Any CPU
	EndGlobalSection
	GlobalSection(ProjectConfigurationPlatforms) = postSolution
		{C1EA0214-4A72-4845-9A06-E376989775CF}.Debug|Any CPU.ActiveCfg = Debug|Any CPU
		{C1EA0214-4A72-4845-9A06-E376989775CF}.Debug|Any CPU.Build.0 = Debug|Any CPU
		{C1EA0214-4A72-4845-9A06-E376989775CF}.Release|Any CPU.ActiveCfg = Release|Any CPU
		{C1EA0214-4A72-4845-9A06-E376989775CF}.Release|Any CPU.Build.0 = Release|Any CPU
		{5204BD13-53FD-471F-90B3-2A77611F5EC3}.Debug|Any CPU.ActiveCfg = Debug|Any CPU
		{5204BD13-53FD-471F-90B3-2A77611F5EC3}.Debug|Any CPU.Build.0 = Debug|Any CPU
		{5204BD13-53FD-471F-90B3-2A77611F5EC3}.Release|Any CPU.ActiveCfg = Release|Any CPU
		{5204BD13-53FD-471F-90B3-2A77611F5EC3}.Release|Any CPU.Build.0 = Release|Any CPU
	EndGlobalSection
	GlobalSection(SolutionProperties) = preSolution
		HideSolutionNode = FALSE
	EndGlobalSection
EndGlobal
